
Microsoft Visual Studio Solution File, Format Version 12.00
# Visual Studio Version 16
VisualStudioVersion = 16.0.33214.272
MinimumVisualStudioVersion = 10.0.40219.1
Project("{FAE04EC0-301F-11D3-BF4B-00C04F79EFBC}") = "GalaxyRP Launcher", "GalaxyRP Launcher\GalaxyRP Launcher.csproj", "{BC802617-C13D-4AD2-9A4F-8DCADF7330E0}"
EndProject
Global
	GlobalSection(SolutionConfigurationPlatforms) = preSolution
		Debug|Any CPU = Debug|Any CPU
		Release|Any CPU = Release|Any CPU
	EndGlobalSection
	GlobalSection(ProjectConfigurationPlatforms) = postSolution
		{BC802617-C13D-4AD2-9A4F-8DCADF7330E0}.Debug|Any CPU.ActiveCfg = Debug|Any CPU
		{BC802617-C13D-4AD2-9A4F-8DCADF7330E0}.Debug|Any CPU.Build.0 = Debug|Any CPU
		{BC802617-C13D-4AD2-9A4F-8DCADF7330E0}.Release|Any CPU.ActiveCfg = Release|Any CPU
		{BC802617-C13D-4AD2-9A4F-8DCADF7330E0}.Release|Any CPU.Build.0 = Release|Any CPU
	EndGlobalSection
	GlobalSection(SolutionProperties) = preSolution
		HideSolutionNode = FALSE
	EndGlobalSection
	GlobalSection(ExtensibilityGlobals) = postSolution
		SolutionGuid = {59D4E51A-4018-452C-AA8A-68BD40539506}
	EndGlobalSection
EndGlobal
